
Microsoft Visual Studio Solution File, Format Version 12.00
# Visual Studio Version 16
VisualStudioVersion = 16.0.30309.148
MinimumVisualStudioVersion = 10.0.40219.1
Project("{FAE04EC0-301F-11D3-BF4B-00C04F79EFBC}") = "Stack_XI RPL 1_28_Safira Wulandari", "Stack_XI RPL 1_28_Safira Wulandari\Stack_XI RPL 1_28_Safira Wulandari.csproj", "{CD7AE43C-AA9D-4F0D-BCAC-D0CFE234063B}"
EndProject
Global
	GlobalSection(SolutionConfigurationPlatforms) = preSolution
		Debug|Any CPU = Debug|Any CPU
		Release|Any CPU = Release|Any CPU
	EndGlobalSection
	GlobalSection(ProjectConfigurationPlatforms) = postSolution
		{CD7AE43C-AA9D-4F0D-BCAC-D0CFE234063B}.Debug|Any CPU.ActiveCfg = Debug|Any CPU
		{CD7AE43C-AA9D-4F0D-BCAC-D0CFE234063B}.Debug|Any CPU.Build.0 = Debug|Any CPU
		{CD7AE43C-AA9D-4F0D-BCAC-D0CFE234063B}.Release|Any CPU.ActiveCfg = Release|Any CPU
		{CD7AE43C-AA9D-4F0D-BCAC-D0CFE234063B}.Release|Any CPU.Build.0 = Release|Any CPU
	EndGlobalSection
	GlobalSection(SolutionProperties) = preSolution
		HideSolutionNode = FALSE
	EndGlobalSection
	GlobalSection(ExtensibilityGlobals) = postSolution
		SolutionGuid = {C92EF539-7CB6-477A-94F5-EF9A3FCA3453}
	EndGlobalSection
EndGlobal
